
Microsoft Visual Studio Solution File, Format Version 12.00
# Visual Studio 15
VisualStudioVersion = 15.0.26730.10
MinimumVisualStudioVersion = 10.0.40219.1

Project("{6EC3EE1D-3C4E-46DD-8F32-0CC8E7565705}") = "AllViewSamplesFfXF", "AllViewSamplesFfXF\AllViewSamplesFfXF.fsproj", "{6413A16E-C0B2-4D64-9D9D-32D44546FB8E}"
EndProject

Project("{F2A71F9B-5D33-465A-A702-920D77279786}") = "AllViewSamplesFfXF.Android", "AllViewSamplesFfXF.Android\AllViewSamplesFfXF.Android.fsproj", "{85365B10-0CF4-4E6D-BDBE-3B4C12FFFB0F}"
EndProject

Project("{F2A71F9B-5D33-465A-A702-920D77279786}") = "AllViewSamplesFfXF.Gtk", "AllViewSamplesFfXF.Gtk\AllViewSamplesFfXF.Gtk.fsproj", "{157A3207-3431-4739-880A-668CC3332A04}"
EndProject

Project("{F2A71F9B-5D33-465A-A702-920D77279786}") = "AllViewSamplesFfXF.iOS", "AllViewSamplesFfXF.iOS\AllViewSamplesFfXF.iOS.fsproj", "{46252A98-EF64-4E1C-821E-4111C94810ED}"
EndProject

Project("{F2A71F9B-5D33-465A-A702-920D77279786}") = "AllViewSamplesFfXF.macOS", "AllViewSamplesFfXF.macOS\AllViewSamplesFfXF.macOS.fsproj", "{F4787691-D231-4B8A-BE08-068FE3BFEB88}"
EndProject

Project("{F2A71F9B-5D33-465A-A702-920D77279786}") = "AllViewSamplesFfXF.WPF", "AllViewSamplesFfXF.WPF\AllViewSamplesFfXF.WPF.fsproj", "{C09B27E8-C107-4211-A635-E1EE313BB1D4}"
EndProject

Project("{FAE04EC0-301F-11D3-BF4B-00C04F79EFBC}") = "AllViewSamplesFfXF.UWP", "AllViewSamplesFfXF.UWP\AllViewSamplesFfXF.UWP.csproj", "{5A807A04-CE7B-40D6-9C96-0036CE116132}"
EndProject

Global
	GlobalSection(SolutionConfigurationPlatforms) = preSolution
		Ad-Hoc|Any CPU = Ad-Hoc|Any CPU
		Ad-Hoc|ARM = Ad-Hoc|ARM
		Ad-Hoc|iPhone = Ad-Hoc|iPhone
		Ad-Hoc|iPhoneSimulator = Ad-Hoc|iPhoneSimulator
		Ad-Hoc|x64 = Ad-Hoc|x64
		Ad-Hoc|x86 = Ad-Hoc|x86
		AppStore|Any CPU = AppStore|Any CPU
		AppStore|ARM = AppStore|ARM
		AppStore|iPhone = AppStore|iPhone
		AppStore|iPhoneSimulator = AppStore|iPhoneSimulator
		AppStore|x64 = AppStore|x64
		AppStore|x86 = AppStore|x86
		Debug|Any CPU = Debug|Any CPU
		Debug|ARM = Debug|ARM
		Debug|iPhone = Debug|iPhone
		Debug|iPhoneSimulator = Debug|iPhoneSimulator
		Debug|x64 = Debug|x64
		Debug|x86 = Debug|x86
		Release|Any CPU = Release|Any CPU
		Release|ARM = Release|ARM
		Release|iPhone = Release|iPhone
		Release|iPhoneSimulator = Release|iPhoneSimulator
		Release|x64 = Release|x64
		Release|x86 = Release|x86
	EndGlobalSection
	GlobalSection(ProjectConfigurationPlatforms) = postSolution
		{6413A16E-C0B2-4D64-9D9D-32D44546FB8E}.Ad-Hoc|Any CPU.ActiveCfg = Debug|Any CPU
		{6413A16E-C0B2-4D64-9D9D-32D44546FB8E}.Ad-Hoc|Any CPU.Build.0 = Debug|Any CPU
		{6413A16E-C0B2-4D64-9D9D-32D44546FB8E}.Ad-Hoc|ARM.ActiveCfg = Debug|Any CPU
		{6413A16E-C0B2-4D64-9D9D-32D44546FB8E}.Ad-Hoc|ARM.Build.0 = Debug|Any CPU
		{6413A16E-C0B2-4D64-9D9D-32D44546FB8E}.Ad-Hoc|iPhone.ActiveCfg = Debug|Any CPU
		{6413A16E-C0B2-4D64-9D9D-32D44546FB8E}.Ad-Hoc|iPhone.Build.0 = Debug|Any CPU
		{6413A16E-C0B2-4D64-9D9D-32D44546FB8E}.Ad-Hoc|iPhoneSimulator.ActiveCfg = Debug|Any CPU
		{6413A16E-C0B2-4D64-9D9D-32D44546FB8E}.Ad-Hoc|iPhoneSimulator.Build.0 = Debug|Any CPU
		{6413A16E-C0B2-4D64-9D9D-32D44546FB8E}.Ad-Hoc|x64.ActiveCfg = Debug|Any CPU
		{6413A16E-C0B2-4D64-9D9D-32D44546FB8E}.Ad-Hoc|x64.Build.0 = Debug|Any CPU
		{6413A16E-C0B2-4D64-9D9D-32D44546FB8E}.Ad-Hoc|x86.ActiveCfg = Debug|Any CPU
		{6413A16E-C0B2-4D64-9D9D-32D44546FB8E}.Ad-Hoc|x86.Build.0 = Debug|Any CPU
		{6413A16E-C0B2-4D64-9D9D-32D44546FB8E}.AppStore|Any CPU.ActiveCfg = Debug|Any CPU
		{6413A16E-C0B2-4D64-9D9D-32D44546FB8E}.AppStore|Any CPU.Build.0 = Debug|Any CPU
		{6413A16E-C0B2-4D64-9D9D-32D44546FB8E}.AppStore|ARM.ActiveCfg = Debug|Any CPU
		{6413A16E-C0B2-4D64-9D9D-32D44546FB8E}.AppStore|ARM.Build.0 = Debug|Any CPU
		{6413A16E-C0B2-4D64-9D9D-32D44546FB8E}.AppStore|iPhone.ActiveCfg = Debug|Any CPU
		{6413A16E-C0B2-4D64-9D9D-32D44546FB8E}.AppStore|iPhone.Build.0 = Debug|Any CPU
		{6413A16E-C0B2-4D64-9D9D-32D44546FB8E}.AppStore|iPhoneSimulator.ActiveCfg = Debug|Any CPU
		{6413A16E-C0B2-4D64-9D9D-32D44546FB8E}.AppStore|iPhoneSimulator.Build.0 = Debug|Any CPU
		{6413A16E-C0B2-4D64-9D9D-32D44546FB8E}.AppStore|x64.ActiveCfg = Debug|Any CPU
		{6413A16E-C0B2-4D64-9D9D-32D44546FB8E}.AppStore|x64.Build.0 = Debug|Any CPU
		{6413A16E-C0B2-4D64-9D9D-32D44546FB8E}.AppStore|x86.ActiveCfg = Debug|Any CPU
		{6413A16E-C0B2-4D64-9D9D-32D44546FB8E}.AppStore|x86.Build.0 = Debug|Any CPU
		{6413A16E-C0B2-4D64-9D9D-32D44546FB8E}.Debug|Any CPU.ActiveCfg = Debug|Any CPU
		{6413A16E-C0B2-4D64-9D9D-32D44546FB8E}.Debug|Any CPU.Build.0 = Debug|Any CPU
		{6413A16E-C0B2-4D64-9D9D-32D44546FB8E}.Debug|ARM.ActiveCfg = Debug|Any CPU
		{6413A16E-C0B2-4D64-9D9D-32D44546FB8E}.Debug|ARM.Build.0 = Debug|Any CPU
		{6413A16E-C0B2-4D64-9D9D-32D44546FB8E}.Debug|iPhone.ActiveCfg = Debug|Any CPU
		{6413A16E-C0B2-4D64-9D9D-32D44546FB8E}.Debug|iPhone.Build.0 = Debug|Any CPU
		{6413A16E-C0B2-4D64-9D9D-32D44546FB8E}.Debug|iPhoneSimulator.ActiveCfg = Debug|Any CPU
		{6413A16E-C0B2-4D64-9D9D-32D44546FB8E}.Debug|iPhoneSimulator.Build.0 = Debug|Any CPU
		{6413A16E-C0B2-4D64-9D9D-32D44546FB8E}.Debug|x64.ActiveCfg = Debug|Any CPU
		{6413A16E-C0B2-4D64-9D9D-32D44546FB8E}.Debug|x64.Build.0 = Debug|Any CPU
		{6413A16E-C0B2-4D64-9D9D-32D44546FB8E}.Debug|x86.ActiveCfg = Debug|Any CPU
		{6413A16E-C0B2-4D64-9D9D-32D44546FB8E}.Debug|x86.Build.0 = Debug|Any CPU
		{6413A16E-C0B2-4D64-9D9D-32D44546FB8E}.Release|Any CPU.ActiveCfg = Release|Any CPU
		{6413A16E-C0B2-4D64-9D9D-32D44546FB8E}.Release|Any CPU.Build.0 = Release|Any CPU
		{6413A16E-C0B2-4D64-9D9D-32D44546FB8E}.Release|ARM.ActiveCfg = Release|Any CPU
		{6413A16E-C0B2-4D64-9D9D-32D44546FB8E}.Release|ARM.Build.0 = Release|Any CPU
		{6413A16E-C0B2-4D64-9D9D-32D44546FB8E}.Release|iPhone.ActiveCfg = Release|Any CPU
		{6413A16E-C0B2-4D64-9D9D-32D44546FB8E}.Release|iPhone.Build.0 = Release|Any CPU
		{6413A16E-C0B2-4D64-9D9D-32D44546FB8E}.Release|iPhoneSimulator.ActiveCfg = Release|Any CPU
		{6413A16E-C0B2-4D64-9D9D-32D44546FB8E}.Release|iPhoneSimulator.Build.0 = Release|Any CPU
		{6413A16E-C0B2-4D64-9D9D-32D44546FB8E}.Release|x64.ActiveCfg = Release|Any CPU
		{6413A16E-C0B2-4D64-9D9D-32D44546FB8E}.Release|x64.Build.0 = Release|Any CPU
		{6413A16E-C0B2-4D64-9D9D-32D44546FB8E}.Release|x86.ActiveCfg = Release|Any CPU
		{6413A16E-C0B2-4D64-9D9D-32D44546FB8E}.Release|x86.Build.0 = Release|Any CPU
		{46252A98-EF64-4E1C-821E-4111C94810ED}.Ad-Hoc|Any CPU.ActiveCfg = Ad-Hoc|iPhone
		{46252A98-EF64-4E1C-821E-4111C94810ED}.Ad-Hoc|ARM.ActiveCfg = Ad-Hoc|iPhone
		{46252A98-EF64-4E1C-821E-4111C94810ED}.Ad-Hoc|iPhone.ActiveCfg = Ad-Hoc|iPhone
		{46252A98-EF64-4E1C-821E-4111C94810ED}.Ad-Hoc|iPhone.Build.0 = Ad-Hoc|iPhone
		{46252A98-EF64-4E1C-821E-4111C94810ED}.Ad-Hoc|iPhoneSimulator.ActiveCfg = Ad-Hoc|iPhoneSimulator
		{46252A98-EF64-4E1C-821E-4111C94810ED}.Ad-Hoc|iPhoneSimulator.Build.0 = Ad-Hoc|iPhoneSimulator
		{46252A98-EF64-4E1C-821E-4111C94810ED}.Ad-Hoc|x64.ActiveCfg = Ad-Hoc|iPhone
		{46252A98-EF64-4E1C-821E-4111C94810ED}.Ad-Hoc|x86.ActiveCfg = Ad-Hoc|iPhone
		{46252A98-EF64-4E1C-821E-4111C94810ED}.AppStore|Any CPU.ActiveCfg = AppStore|iPhone
		{46252A98-EF64-4E1C-821E-4111C94810ED}.AppStore|ARM.ActiveCfg = AppStore|iPhone
		{46252A98-EF64-4E1C-821E-4111C94810ED}.AppStore|iPhone.ActiveCfg = AppStore|iPhone
		{46252A98-EF64-4E1C-821E-4111C94810ED}.AppStore|iPhone.Build.0 = AppStore|iPhone
		{46252A98-EF64-4E1C-821E-4111C94810ED}.AppStore|iPhoneSimulator.ActiveCfg = AppStore|iPhoneSimulator
		{46252A98-EF64-4E1C-821E-4111C94810ED}.AppStore|iPhoneSimulator.Build.0 = AppStore|iPhoneSimulator
		{46252A98-EF64-4E1C-821E-4111C94810ED}.AppStore|x64.ActiveCfg = AppStore|iPhone
		{46252A98-EF64-4E1C-821E-4111C94810ED}.AppStore|x86.ActiveCfg = AppStore|iPhone
		{46252A98-EF64-4E1C-821E-4111C94810ED}.Debug|Any CPU.ActiveCfg = Debug|iPhone
		{46252A98-EF64-4E1C-821E-4111C94810ED}.Debug|ARM.ActiveCfg = Debug|iPhone
		{46252A98-EF64-4E1C-821E-4111C94810ED}.Debug|iPhone.ActiveCfg = Debug|iPhone
		{46252A98-EF64-4E1C-821E-4111C94810ED}.Debug|iPhone.Build.0 = Debug|iPhone
		{46252A98-EF64-4E1C-821E-4111C94810ED}.Debug|iPhoneSimulator.ActiveCfg = Debug|iPhoneSimulator
		{46252A98-EF64-4E1C-821E-4111C94810ED}.Debug|iPhoneSimulator.Build.0 = Debug|iPhoneSimulator
		{46252A98-EF64-4E1C-821E-4111C94810ED}.Debug|x64.ActiveCfg = Debug|iPhone
		{46252A98-EF64-4E1C-821E-4111C94810ED}.Debug|x86.ActiveCfg = Debug|iPhone
		{46252A98-EF64-4E1C-821E-4111C94810ED}.Release|Any CPU.ActiveCfg = Release|iPhone
		{46252A98-EF64-4E1C-821E-4111C94810ED}.Release|ARM.ActiveCfg = Release|iPhone
		{46252A98-EF64-4E1C-821E-4111C94810ED}.Release|iPhone.ActiveCfg = Release|iPhone
		{46252A98-EF64-4E1C-821E-4111C94810ED}.Release|iPhone.Build.0 = Release|iPhone
		{46252A98-EF64-4E1C-821E-4111C94810ED}.Release|iPhoneSimulator.ActiveCfg = Release|iPhoneSimulator
		{46252A98-EF64-4E1C-821E-4111C94810ED}.Release|iPhoneSimulator.Build.0 = Release|iPhoneSimulator
		{46252A98-EF64-4E1C-821E-4111C94810ED}.Release|x64.ActiveCfg = Release|iPhone
		{46252A98-EF64-4E1C-821E-4111C94810ED}.Release|x86.ActiveCfg = Release|iPhone
		{0959D503-3F57-4BB8-A993-7AAD6BCD548E}.Ad-Hoc|Any CPU.ActiveCfg = Release|x86
		{0959D503-3F57-4BB8-A993-7AAD6BCD548E}.Ad-Hoc|Any CPU.Build.0 = Release|x86
		{0959D503-3F57-4BB8-A993-7AAD6BCD548E}.Ad-Hoc|Any CPU.Deploy.0 = Release|x86
		{0959D503-3F57-4BB8-A993-7AAD6BCD548E}.Ad-Hoc|ARM.ActiveCfg = Release|ARM
		{0959D503-3F57-4BB8-A993-7AAD6BCD548E}.Ad-Hoc|ARM.Build.0 = Release|ARM
		{0959D503-3F57-4BB8-A993-7AAD6BCD548E}.Ad-Hoc|ARM.Deploy.0 = Release|ARM
		{0959D503-3F57-4BB8-A993-7AAD6BCD548E}.Ad-Hoc|iPhone.ActiveCfg = Release|x86
		{0959D503-3F57-4BB8-A993-7AAD6BCD548E}.Ad-Hoc|iPhone.Build.0 = Release|x86
		{0959D503-3F57-4BB8-A993-7AAD6BCD548E}.Ad-Hoc|iPhone.Deploy.0 = Release|x86
		{0959D503-3F57-4BB8-A993-7AAD6BCD548E}.Ad-Hoc|iPhoneSimulator.ActiveCfg = Release|x86
		{0959D503-3F57-4BB8-A993-7AAD6BCD548E}.Ad-Hoc|iPhoneSimulator.Build.0 = Release|x86
		{0959D503-3F57-4BB8-A993-7AAD6BCD548E}.Ad-Hoc|iPhoneSimulator.Deploy.0 = Release|x86
		{0959D503-3F57-4BB8-A993-7AAD6BCD548E}.Ad-Hoc|x64.ActiveCfg = Release|x64
		{0959D503-3F57-4BB8-A993-7AAD6BCD548E}.Ad-Hoc|x64.Build.0 = Release|x64
		{0959D503-3F57-4BB8-A993-7AAD6BCD548E}.Ad-Hoc|x64.Deploy.0 = Release|x64
		{0959D503-3F57-4BB8-A993-7AAD6BCD548E}.Ad-Hoc|x86.ActiveCfg = Release|x86
		{0959D503-3F57-4BB8-A993-7AAD6BCD548E}.Ad-Hoc|x86.Build.0 = Release|x86
		{0959D503-3F57-4BB8-A993-7AAD6BCD548E}.Ad-Hoc|x86.Deploy.0 = Release|x86
		{0959D503-3F57-4BB8-A993-7AAD6BCD548E}.AppStore|Any CPU.ActiveCfg = Release|x86
		{0959D503-3F57-4BB8-A993-7AAD6BCD548E}.AppStore|Any CPU.Build.0 = Release|x86
		{0959D503-3F57-4BB8-A993-7AAD6BCD548E}.AppStore|Any CPU.Deploy.0 = Release|x86
		{0959D503-3F57-4BB8-A993-7AAD6BCD548E}.AppStore|ARM.ActiveCfg = Release|ARM
		{0959D503-3F57-4BB8-A993-7AAD6BCD548E}.AppStore|ARM.Build.0 = Release|ARM
		{0959D503-3F57-4BB8-A993-7AAD6BCD548E}.AppStore|ARM.Deploy.0 = Release|ARM
		{0959D503-3F57-4BB8-A993-7AAD6BCD548E}.AppStore|iPhone.ActiveCfg = Release|x86
		{0959D503-3F57-4BB8-A993-7AAD6BCD548E}.AppStore|iPhone.Build.0 = Release|x86
		{0959D503-3F57-4BB8-A993-7AAD6BCD548E}.AppStore|iPhone.Deploy.0 = Release|x86
		{0959D503-3F57-4BB8-A993-7AAD6BCD548E}.AppStore|iPhoneSimulator.ActiveCfg = Release|x86
		{0959D503-3F57-4BB8-A993-7AAD6BCD548E}.AppStore|iPhoneSimulator.Build.0 = Release|x86
		{0959D503-3F57-4BB8-A993-7AAD6BCD548E}.AppStore|iPhoneSimulator.Deploy.0 = Release|x86
		{0959D503-3F57-4BB8-A993-7AAD6BCD548E}.AppStore|x64.ActiveCfg = Release|x64
		{0959D503-3F57-4BB8-A993-7AAD6BCD548E}.AppStore|x64.Build.0 = Release|x64
		{0959D503-3F57-4BB8-A993-7AAD6BCD548E}.AppStore|x64.Deploy.0 = Release|x64
		{0959D503-3F57-4BB8-A993-7AAD6BCD548E}.AppStore|x86.ActiveCfg = Release|x86
		{0959D503-3F57-4BB8-A993-7AAD6BCD548E}.AppStore|x86.Build.0 = Release|x86
		{0959D503-3F57-4BB8-A993-7AAD6BCD548E}.AppStore|x86.Deploy.0 = Release|x86
		{0959D503-3F57-4BB8-A993-7AAD6BCD548E}.Debug|Any CPU.ActiveCfg = Debug|x86
		{0959D503-3F57-4BB8-A993-7AAD6BCD548E}.Debug|ARM.ActiveCfg = Debug|ARM
		{0959D503-3F57-4BB8-A993-7AAD6BCD548E}.Debug|ARM.Build.0 = Debug|ARM
		{0959D503-3F57-4BB8-A993-7AAD6BCD548E}.Debug|ARM.Deploy.0 = Debug|ARM
		{0959D503-3F57-4BB8-A993-7AAD6BCD548E}.Debug|iPhone.ActiveCfg = Debug|x86
		{0959D503-3F57-4BB8-A993-7AAD6BCD548E}.Debug|iPhoneSimulator.ActiveCfg = Debug|x86
		{0959D503-3F57-4BB8-A993-7AAD6BCD548E}.Debug|x64.ActiveCfg = Debug|x64
		{0959D503-3F57-4BB8-A993-7AAD6BCD548E}.Debug|x64.Build.0 = Debug|x64
		{0959D503-3F57-4BB8-A993-7AAD6BCD548E}.Debug|x64.Deploy.0 = Debug|x64
		{0959D503-3F57-4BB8-A993-7AAD6BCD548E}.Debug|x86.ActiveCfg = Debug|x86
		{0959D503-3F57-4BB8-A993-7AAD6BCD548E}.Debug|x86.Build.0 = Debug|x86
		{0959D503-3F57-4BB8-A993-7AAD6BCD548E}.Debug|x86.Deploy.0 = Debug|x86
		{0959D503-3F57-4BB8-A993-7AAD6BCD548E}.Release|Any CPU.ActiveCfg = Release|x86
		{0959D503-3F57-4BB8-A993-7AAD6BCD548E}.Release|ARM.ActiveCfg = Release|ARM
		{0959D503-3F57-4BB8-A993-7AAD6BCD548E}.Release|ARM.Build.0 = Release|ARM
		{0959D503-3F57-4BB8-A993-7AAD6BCD548E}.Release|ARM.Deploy.0 = Release|ARM
		{0959D503-3F57-4BB8-A993-7AAD6BCD548E}.Release|iPhone.ActiveCfg = Release|x86
		{0959D503-3F57-4BB8-A993-7AAD6BCD548E}.Release|iPhoneSimulator.ActiveCfg = Release|x86
		{0959D503-3F57-4BB8-A993-7AAD6BCD548E}.Release|x64.ActiveCfg = Release|x64
		{0959D503-3F57-4BB8-A993-7AAD6BCD548E}.Release|x64.Build.0 = Release|x64
		{0959D503-3F57-4BB8-A993-7AAD6BCD548E}.Release|x64.Deploy.0 = Release|x64
		{0959D503-3F57-4BB8-A993-7AAD6BCD548E}.Release|x86.ActiveCfg = Release|x86
		{0959D503-3F57-4BB8-A993-7AAD6BCD548E}.Release|x86.Build.0 = Release|x86
		{0959D503-3F57-4BB8-A993-7AAD6BCD548E}.Release|x86.Deploy.0 = Release|x86
		{F4787691-D231-4B8A-BE08-068FE3BFEB88}.Ad-Hoc|Any CPU.ActiveCfg = Release|Any CPU
		{F4787691-D231-4B8A-BE08-068FE3BFEB88}.Ad-Hoc|Any CPU.Build.0 = Release|Any CPU
		{F4787691-D231-4B8A-BE08-068FE3BFEB88}.Ad-Hoc|ARM.ActiveCfg = Release|Any CPU
		{F4787691-D231-4B8A-BE08-068FE3BFEB88}.Ad-Hoc|ARM.Build.0 = Release|Any CPU
		{F4787691-D231-4B8A-BE08-068FE3BFEB88}.Ad-Hoc|iPhone.ActiveCfg = Release|Any CPU
		{F4787691-D231-4B8A-BE08-068FE3BFEB88}.Ad-Hoc|iPhone.Build.0 = Release|Any CPU
		{F4787691-D231-4B8A-BE08-068FE3BFEB88}.Ad-Hoc|iPhoneSimulator.ActiveCfg = Release|Any CPU
		{F4787691-D231-4B8A-BE08-068FE3BFEB88}.Ad-Hoc|iPhoneSimulator.Build.0 = Release|Any CPU
		{F4787691-D231-4B8A-BE08-068FE3BFEB88}.Ad-Hoc|x64.ActiveCfg = Release|Any CPU
		{F4787691-D231-4B8A-BE08-068FE3BFEB88}.Ad-Hoc|x64.Build.0 = Release|Any CPU
		{F4787691-D231-4B8A-BE08-068FE3BFEB88}.Ad-Hoc|x86.ActiveCfg = Release|Any CPU
		{F4787691-D231-4B8A-BE08-068FE3BFEB88}.Ad-Hoc|x86.Build.0 = Release|Any CPU
		{F4787691-D231-4B8A-BE08-068FE3BFEB88}.AppStore|Any CPU.ActiveCfg = Release|Any CPU
		{F4787691-D231-4B8A-BE08-068FE3BFEB88}.AppStore|Any CPU.Build.0 = Release|Any CPU
		{F4787691-D231-4B8A-BE08-068FE3BFEB88}.AppStore|ARM.ActiveCfg = Release|Any CPU
		{F4787691-D231-4B8A-BE08-068FE3BFEB88}.AppStore|ARM.Build.0 = Release|Any CPU
		{F4787691-D231-4B8A-BE08-068FE3BFEB88}.AppStore|iPhone.ActiveCfg = Release|Any CPU
		{F4787691-D231-4B8A-BE08-068FE3BFEB88}.AppStore|iPhone.Build.0 = Release|Any CPU
		{F4787691-D231-4B8A-BE08-068FE3BFEB88}.AppStore|iPhoneSimulator.ActiveCfg = Release|Any CPU
		{F4787691-D231-4B8A-BE08-068FE3BFEB88}.AppStore|iPhoneSimulator.Build.0 = Release|Any CPU
		{F4787691-D231-4B8A-BE08-068FE3BFEB88}.AppStore|x64.ActiveCfg = Release|Any CPU
		{F4787691-D231-4B8A-BE08-068FE3BFEB88}.AppStore|x64.Build.0 = Release|Any CPU
		{F4787691-D231-4B8A-BE08-068FE3BFEB88}.AppStore|x86.ActiveCfg = Release|Any CPU
		{F4787691-D231-4B8A-BE08-068FE3BFEB88}.AppStore|x86.Build.0 = Release|Any CPU
		{F4787691-D231-4B8A-BE08-068FE3BFEB88}.Debug|Any CPU.ActiveCfg = Debug|Any CPU
		{F4787691-D231-4B8A-BE08-068FE3BFEB88}.Debug|Any CPU.Build.0 = Debug|Any CPU
		{F4787691-D231-4B8A-BE08-068FE3BFEB88}.Debug|ARM.ActiveCfg = Debug|Any CPU
		{F4787691-D231-4B8A-BE08-068FE3BFEB88}.Debug|ARM.Build.0 = Debug|Any CPU
		{F4787691-D231-4B8A-BE08-068FE3BFEB88}.Debug|iPhone.ActiveCfg = Debug|Any CPU
		{F4787691-D231-4B8A-BE08-068FE3BFEB88}.Debug|iPhone.Build.0 = Debug|Any CPU
		{F4787691-D231-4B8A-BE08-068FE3BFEB88}.Debug|iPhoneSimulator.ActiveCfg = Debug|Any CPU
		{F4787691-D231-4B8A-BE08-068FE3BFEB88}.Debug|iPhoneSimulator.Build.0 = Debug|Any CPU
		{F4787691-D231-4B8A-BE08-068FE3BFEB88}.Debug|x64.ActiveCfg = Debug|Any CPU
		{F4787691-D231-4B8A-BE08-068FE3BFEB88}.Debug|x64.Build.0 = Debug|Any CPU
		{F4787691-D231-4B8A-BE08-068FE3BFEB88}.Debug|x86.ActiveCfg = Debug|Any CPU
		{F4787691-D231-4B8A-BE08-068FE3BFEB88}.Debug|x86.Build.0 = Debug|Any CPU
		{F4787691-D231-4B8A-BE08-068FE3BFEB88}.Release|Any CPU.ActiveCfg = Release|Any CPU
		{F4787691-D231-4B8A-BE08-068FE3BFEB88}.Release|Any CPU.Build.0 = Release|Any CPU
		{F4787691-D231-4B8A-BE08-068FE3BFEB88}.Release|ARM.ActiveCfg = Release|Any CPU
		{F4787691-D231-4B8A-BE08-068FE3BFEB88}.Release|ARM.Build.0 = Release|Any CPU
		{F4787691-D231-4B8A-BE08-068FE3BFEB88}.Release|iPhone.ActiveCfg = Release|Any CPU
		{F4787691-D231-4B8A-BE08-068FE3BFEB88}.Release|iPhone.Build.0 = Release|Any CPU
		{F4787691-D231-4B8A-BE08-068FE3BFEB88}.Release|iPhoneSimulator.ActiveCfg = Release|Any CPU
		{F4787691-D231-4B8A-BE08-068FE3BFEB88}.Release|iPhoneSimulator.Build.0 = Release|Any CPU
		{F4787691-D231-4B8A-BE08-068FE3BFEB88}.Release|x64.ActiveCfg = Release|Any CPU
		{F4787691-D231-4B8A-BE08-068FE3BFEB88}.Release|x64.Build.0 = Release|Any CPU
		{F4787691-D231-4B8A-BE08-068FE3BFEB88}.Release|x86.ActiveCfg = Release|Any CPU
		{F4787691-D231-4B8A-BE08-068FE3BFEB88}.Release|x86.Build.0 = Release|Any CPU
		{C09B27E8-C107-4211-A635-E1EE313BB1D4}.Ad-Hoc|Any CPU.ActiveCfg = Release|Any CPU
		{C09B27E8-C107-4211-A635-E1EE313BB1D4}.Ad-Hoc|Any CPU.Build.0 = Release|Any CPU
		{C09B27E8-C107-4211-A635-E1EE313BB1D4}.Ad-Hoc|ARM.ActiveCfg = Release|Any CPU
		{C09B27E8-C107-4211-A635-E1EE313BB1D4}.Ad-Hoc|ARM.Build.0 = Release|Any CPU
		{C09B27E8-C107-4211-A635-E1EE313BB1D4}.Ad-Hoc|iPhone.ActiveCfg = Release|Any CPU
		{C09B27E8-C107-4211-A635-E1EE313BB1D4}.Ad-Hoc|iPhone.Build.0 = Release|Any CPU
		{C09B27E8-C107-4211-A635-E1EE313BB1D4}.Ad-Hoc|iPhoneSimulator.ActiveCfg = Release|Any CPU
		{C09B27E8-C107-4211-A635-E1EE313BB1D4}.Ad-Hoc|iPhoneSimulator.Build.0 = Release|Any CPU
		{C09B27E8-C107-4211-A635-E1EE313BB1D4}.Ad-Hoc|x64.ActiveCfg = Release|Any CPU
		{C09B27E8-C107-4211-A635-E1EE313BB1D4}.Ad-Hoc|x64.Build.0 = Release|Any CPU
		{C09B27E8-C107-4211-A635-E1EE313BB1D4}.Ad-Hoc|x86.ActiveCfg = Release|Any CPU
		{C09B27E8-C107-4211-A635-E1EE313BB1D4}.Ad-Hoc|x86.Build.0 = Release|Any CPU
		{C09B27E8-C107-4211-A635-E1EE313BB1D4}.AppStore|Any CPU.ActiveCfg = Release|Any CPU
		{C09B27E8-C107-4211-A635-E1EE313BB1D4}.AppStore|Any CPU.Build.0 = Release|Any CPU
		{C09B27E8-C107-4211-A635-E1EE313BB1D4}.AppStore|ARM.ActiveCfg = Release|Any CPU
		{C09B27E8-C107-4211-A635-E1EE313BB1D4}.AppStore|ARM.Build.0 = Release|Any CPU
		{C09B27E8-C107-4211-A635-E1EE313BB1D4}.AppStore|iPhone.ActiveCfg = Release|Any CPU
		{C09B27E8-C107-4211-A635-E1EE313BB1D4}.AppStore|iPhone.Build.0 = Release|Any CPU
		{C09B27E8-C107-4211-A635-E1EE313BB1D4}.AppStore|iPhoneSimulator.ActiveCfg = Release|Any CPU
		{C09B27E8-C107-4211-A635-E1EE313BB1D4}.AppStore|iPhoneSimulator.Build.0 = Release|Any CPU
		{C09B27E8-C107-4211-A635-E1EE313BB1D4}.AppStore|x64.ActiveCfg = Release|Any CPU
		{C09B27E8-C107-4211-A635-E1EE313BB1D4}.AppStore|x64.Build.0 = Release|Any CPU
		{C09B27E8-C107-4211-A635-E1EE313BB1D4}.AppStore|x86.ActiveCfg = Release|Any CPU
		{C09B27E8-C107-4211-A635-E1EE313BB1D4}.AppStore|x86.Build.0 = Release|Any CPU
		{C09B27E8-C107-4211-A635-E1EE313BB1D4}.Debug|Any CPU.ActiveCfg = Debug|Any CPU
		{C09B27E8-C107-4211-A635-E1EE313BB1D4}.Debug|Any CPU.Build.0 = Debug|Any CPU
		{C09B27E8-C107-4211-A635-E1EE313BB1D4}.Debug|ARM.ActiveCfg = Debug|Any CPU
		{C09B27E8-C107-4211-A635-E1EE313BB1D4}.Debug|ARM.Build.0 = Debug|Any CPU
		{C09B27E8-C107-4211-A635-E1EE313BB1D4}.Debug|iPhone.ActiveCfg = Debug|Any CPU
		{C09B27E8-C107-4211-A635-E1EE313BB1D4}.Debug|iPhone.Build.0 = Debug|Any CPU
		{C09B27E8-C107-4211-A635-E1EE313BB1D4}.Debug|iPhoneSimulator.ActiveCfg = Debug|Any CPU
		{C09B27E8-C107-4211-A635-E1EE313BB1D4}.Debug|iPhoneSimulator.Build.0 = Debug|Any CPU
		{C09B27E8-C107-4211-A635-E1EE313BB1D4}.Debug|x64.ActiveCfg = Debug|Any CPU
		{C09B27E8-C107-4211-A635-E1EE313BB1D4}.Debug|x64.Build.0 = Debug|Any CPU
		{C09B27E8-C107-4211-A635-E1EE313BB1D4}.Debug|x86.ActiveCfg = Debug|Any CPU
		{C09B27E8-C107-4211-A635-E1EE313BB1D4}.Debug|x86.Build.0 = Debug|Any CPU
		{C09B27E8-C107-4211-A635-E1EE313BB1D4}.Release|Any CPU.ActiveCfg = Release|Any CPU
		{C09B27E8-C107-4211-A635-E1EE313BB1D4}.Release|Any CPU.Build.0 = Release|Any CPU
		{C09B27E8-C107-4211-A635-E1EE313BB1D4}.Release|ARM.ActiveCfg = Release|Any CPU
		{C09B27E8-C107-4211-A635-E1EE313BB1D4}.Release|ARM.Build.0 = Release|Any CPU
		{C09B27E8-C107-4211-A635-E1EE313BB1D4}.Release|iPhone.ActiveCfg = Release|Any CPU
		{C09B27E8-C107-4211-A635-E1EE313BB1D4}.Release|iPhone.Build.0 = Release|Any CPU
		{C09B27E8-C107-4211-A635-E1EE313BB1D4}.Release|iPhoneSimulator.ActiveCfg = Release|Any CPU
		{C09B27E8-C107-4211-A635-E1EE313BB1D4}.Release|iPhoneSimulator.Build.0 = Release|Any CPU
		{C09B27E8-C107-4211-A635-E1EE313BB1D4}.Release|x64.ActiveCfg = Release|Any CPU
		{C09B27E8-C107-4211-A635-E1EE313BB1D4}.Release|x64.Build.0 = Release|Any CPU
		{C09B27E8-C107-4211-A635-E1EE313BB1D4}.Release|x86.ActiveCfg = Release|Any CPU
		{C09B27E8-C107-4211-A635-E1EE313BB1D4}.Release|x86.Build.0 = Release|Any CPU
		{85365B10-0CF4-4E6D-BDBE-3B4C12FFFB0F}.Ad-Hoc|Any CPU.ActiveCfg = Release|Any CPU
		{85365B10-0CF4-4E6D-BDBE-3B4C12FFFB0F}.Ad-Hoc|Any CPU.Build.0 = Release|Any CPU
		{85365B10-0CF4-4E6D-BDBE-3B4C12FFFB0F}.Ad-Hoc|ARM.ActiveCfg = Release|Any CPU
		{85365B10-0CF4-4E6D-BDBE-3B4C12FFFB0F}.Ad-Hoc|ARM.Build.0 = Release|Any CPU
		{85365B10-0CF4-4E6D-BDBE-3B4C12FFFB0F}.Ad-Hoc|iPhone.ActiveCfg = Release|Any CPU
		{85365B10-0CF4-4E6D-BDBE-3B4C12FFFB0F}.Ad-Hoc|iPhone.Build.0 = Release|Any CPU
		{85365B10-0CF4-4E6D-BDBE-3B4C12FFFB0F}.Ad-Hoc|iPhoneSimulator.ActiveCfg = Release|Any CPU
		{85365B10-0CF4-4E6D-BDBE-3B4C12FFFB0F}.Ad-Hoc|iPhoneSimulator.Build.0 = Release|Any CPU
		{85365B10-0CF4-4E6D-BDBE-3B4C12FFFB0F}.Ad-Hoc|x64.ActiveCfg = Release|Any CPU
		{85365B10-0CF4-4E6D-BDBE-3B4C12FFFB0F}.Ad-Hoc|x64.Build.0 = Release|Any CPU
		{85365B10-0CF4-4E6D-BDBE-3B4C12FFFB0F}.Ad-Hoc|x86.ActiveCfg = Release|Any CPU
		{85365B10-0CF4-4E6D-BDBE-3B4C12FFFB0F}.Ad-Hoc|x86.Build.0 = Release|Any CPU
		{85365B10-0CF4-4E6D-BDBE-3B4C12FFFB0F}.AppStore|Any CPU.ActiveCfg = Release|Any CPU
		{85365B10-0CF4-4E6D-BDBE-3B4C12FFFB0F}.AppStore|Any CPU.Build.0 = Release|Any CPU
		{85365B10-0CF4-4E6D-BDBE-3B4C12FFFB0F}.AppStore|ARM.ActiveCfg = Release|Any CPU
		{85365B10-0CF4-4E6D-BDBE-3B4C12FFFB0F}.AppStore|ARM.Build.0 = Release|Any CPU
		{85365B10-0CF4-4E6D-BDBE-3B4C12FFFB0F}.AppStore|iPhone.ActiveCfg = Release|Any CPU
		{85365B10-0CF4-4E6D-BDBE-3B4C12FFFB0F}.AppStore|iPhone.Build.0 = Release|Any CPU
		{85365B10-0CF4-4E6D-BDBE-3B4C12FFFB0F}.AppStore|iPhoneSimulator.ActiveCfg = Release|Any CPU
		{85365B10-0CF4-4E6D-BDBE-3B4C12FFFB0F}.AppStore|iPhoneSimulator.Build.0 = Release|Any CPU
		{85365B10-0CF4-4E6D-BDBE-3B4C12FFFB0F}.AppStore|x64.ActiveCfg = Release|Any CPU
		{85365B10-0CF4-4E6D-BDBE-3B4C12FFFB0F}.AppStore|x64.Build.0 = Release|Any CPU
		{85365B10-0CF4-4E6D-BDBE-3B4C12FFFB0F}.AppStore|x86.ActiveCfg = Release|Any CPU
		{85365B10-0CF4-4E6D-BDBE-3B4C12FFFB0F}.AppStore|x86.Build.0 = Release|Any CPU
		{85365B10-0CF4-4E6D-BDBE-3B4C12FFFB0F}.Debug|Any CPU.ActiveCfg = Debug|Any CPU
		{85365B10-0CF4-4E6D-BDBE-3B4C12FFFB0F}.Debug|Any CPU.Build.0 = Debug|Any CPU
		{85365B10-0CF4-4E6D-BDBE-3B4C12FFFB0F}.Debug|Any CPU.Deploy.0 = Debug|Any CPU
		{85365B10-0CF4-4E6D-BDBE-3B4C12FFFB0F}.Debug|ARM.ActiveCfg = Debug|Any CPU
		{85365B10-0CF4-4E6D-BDBE-3B4C12FFFB0F}.Debug|ARM.Build.0 = Debug|Any CPU
		{85365B10-0CF4-4E6D-BDBE-3B4C12FFFB0F}.Debug|iPhone.ActiveCfg = Debug|Any CPU
		{85365B10-0CF4-4E6D-BDBE-3B4C12FFFB0F}.Debug|iPhone.Build.0 = Debug|Any CPU
		{85365B10-0CF4-4E6D-BDBE-3B4C12FFFB0F}.Debug|iPhoneSimulator.ActiveCfg = Debug|Any CPU
		{85365B10-0CF4-4E6D-BDBE-3B4C12FFFB0F}.Debug|iPhoneSimulator.Build.0 = Debug|Any CPU
		{85365B10-0CF4-4E6D-BDBE-3B4C12FFFB0F}.Debug|x64.ActiveCfg = Debug|Any CPU
		{85365B10-0CF4-4E6D-BDBE-3B4C12FFFB0F}.Debug|x64.Build.0 = Debug|Any CPU
		{85365B10-0CF4-4E6D-BDBE-3B4C12FFFB0F}.Debug|x86.ActiveCfg = Debug|Any CPU
		{85365B10-0CF4-4E6D-BDBE-3B4C12FFFB0F}.Debug|x86.Build.0 = Debug|Any CPU
		{85365B10-0CF4-4E6D-BDBE-3B4C12FFFB0F}.Release|Any CPU.ActiveCfg = Release|Any CPU
		{85365B10-0CF4-4E6D-BDBE-3B4C12FFFB0F}.Release|Any CPU.Build.0 = Release|Any CPU
		{85365B10-0CF4-4E6D-BDBE-3B4C12FFFB0F}.Release|Any CPU.Deploy.0 = Release|Any CPU
		{85365B10-0CF4-4E6D-BDBE-3B4C12FFFB0F}.Release|ARM.ActiveCfg = Release|Any CPU
		{85365B10-0CF4-4E6D-BDBE-3B4C12FFFB0F}.Release|ARM.Build.0 = Release|Any CPU
		{85365B10-0CF4-4E6D-BDBE-3B4C12FFFB0F}.Release|iPhone.ActiveCfg = Release|Any CPU
		{85365B10-0CF4-4E6D-BDBE-3B4C12FFFB0F}.Release|iPhone.Build.0 = Release|Any CPU
		{85365B10-0CF4-4E6D-BDBE-3B4C12FFFB0F}.Release|iPhoneSimulator.ActiveCfg = Release|Any CPU
		{85365B10-0CF4-4E6D-BDBE-3B4C12FFFB0F}.Release|iPhoneSimulator.Build.0 = Release|Any CPU
		{85365B10-0CF4-4E6D-BDBE-3B4C12FFFB0F}.Release|x64.ActiveCfg = Release|Any CPU
		{85365B10-0CF4-4E6D-BDBE-3B4C12FFFB0F}.Release|x64.Build.0 = Release|Any CPU
		{85365B10-0CF4-4E6D-BDBE-3B4C12FFFB0F}.Release|x86.ActiveCfg = Release|Any CPU
		{85365B10-0CF4-4E6D-BDBE-3B4C12FFFB0F}.Release|x86.Build.0 = Release|Any CPU
		{157A3207-3431-4739-880A-668CC3332A04}.Ad-Hoc|Any CPU.ActiveCfg = Release|Any CPU
		{157A3207-3431-4739-880A-668CC3332A04}.Ad-Hoc|Any CPU.Build.0 = Release|Any CPU
		{157A3207-3431-4739-880A-668CC3332A04}.Ad-Hoc|ARM.ActiveCfg = Release|Any CPU
		{157A3207-3431-4739-880A-668CC3332A04}.Ad-Hoc|ARM.Build.0 = Release|Any CPU
		{157A3207-3431-4739-880A-668CC3332A04}.Ad-Hoc|iPhone.ActiveCfg = Release|Any CPU
		{157A3207-3431-4739-880A-668CC3332A04}.Ad-Hoc|iPhone.Build.0 = Release|Any CPU
		{157A3207-3431-4739-880A-668CC3332A04}.Ad-Hoc|iPhoneSimulator.ActiveCfg = Release|Any CPU
		{157A3207-3431-4739-880A-668CC3332A04}.Ad-Hoc|iPhoneSimulator.Build.0 = Release|Any CPU
		{157A3207-3431-4739-880A-668CC3332A04}.Ad-Hoc|x64.ActiveCfg = Release|Any CPU
		{157A3207-3431-4739-880A-668CC3332A04}.Ad-Hoc|x64.Build.0 = Release|Any CPU
		{157A3207-3431-4739-880A-668CC3332A04}.Ad-Hoc|x86.ActiveCfg = Release|Any CPU
		{157A3207-3431-4739-880A-668CC3332A04}.Ad-Hoc|x86.Build.0 = Release|Any CPU
		{157A3207-3431-4739-880A-668CC3332A04}.AppStore|Any CPU.ActiveCfg = Release|Any CPU
		{157A3207-3431-4739-880A-668CC3332A04}.AppStore|Any CPU.Build.0 = Release|Any CPU
		{157A3207-3431-4739-880A-668CC3332A04}.AppStore|ARM.ActiveCfg = Release|Any CPU
		{157A3207-3431-4739-880A-668CC3332A04}.AppStore|ARM.Build.0 = Release|Any CPU
		{157A3207-3431-4739-880A-668CC3332A04}.AppStore|iPhone.ActiveCfg = Release|Any CPU
		{157A3207-3431-4739-880A-668CC3332A04}.AppStore|iPhone.Build.0 = Release|Any CPU
		{157A3207-3431-4739-880A-668CC3332A04}.AppStore|iPhoneSimulator.ActiveCfg = Release|Any CPU
		{157A3207-3431-4739-880A-668CC3332A04}.AppStore|iPhoneSimulator.Build.0 = Release|Any CPU
		{157A3207-3431-4739-880A-668CC3332A04}.AppStore|x64.ActiveCfg = Release|Any CPU
		{157A3207-3431-4739-880A-668CC3332A04}.AppStore|x64.Build.0 = Release|Any CPU
		{157A3207-3431-4739-880A-668CC3332A04}.AppStore|x86.ActiveCfg = Release|Any CPU
		{157A3207-3431-4739-880A-668CC3332A04}.AppStore|x86.Build.0 = Release|Any CPU
		{157A3207-3431-4739-880A-668CC3332A04}.Debug|Any CPU.ActiveCfg = Debug|Any CPU
		{157A3207-3431-4739-880A-668CC3332A04}.Debug|Any CPU.Build.0 = Debug|Any CPU
		{157A3207-3431-4739-880A-668CC3332A04}.Debug|ARM.ActiveCfg = Debug|Any CPU
		{157A3207-3431-4739-880A-668CC3332A04}.Debug|ARM.Build.0 = Debug|Any CPU
		{157A3207-3431-4739-880A-668CC3332A04}.Debug|iPhone.ActiveCfg = Debug|Any CPU
		{157A3207-3431-4739-880A-668CC3332A04}.Debug|iPhone.Build.0 = Debug|Any CPU
		{157A3207-3431-4739-880A-668CC3332A04}.Debug|iPhoneSimulator.ActiveCfg = Debug|Any CPU
		{157A3207-3431-4739-880A-668CC3332A04}.Debug|iPhoneSimulator.Build.0 = Debug|Any CPU
		{157A3207-3431-4739-880A-668CC3332A04}.Debug|x64.ActiveCfg = Debug|Any CPU
		{157A3207-3431-4739-880A-668CC3332A04}.Debug|x64.Build.0 = Debug|Any CPU
		{157A3207-3431-4739-880A-668CC3332A04}.Debug|x86.ActiveCfg = Debug|Any CPU
		{157A3207-3431-4739-880A-668CC3332A04}.Debug|x86.Build.0 = Debug|Any CPU
		{157A3207-3431-4739-880A-668CC3332A04}.Release|Any CPU.ActiveCfg = Release|Any CPU
		{157A3207-3431-4739-880A-668CC3332A04}.Release|Any CPU.Build.0 = Release|Any CPU
		{157A3207-3431-4739-880A-668CC3332A04}.Release|ARM.ActiveCfg = Release|Any CPU
		{157A3207-3431-4739-880A-668CC3332A04}.Release|ARM.Build.0 = Release|Any CPU
		{157A3207-3431-4739-880A-668CC3332A04}.Release|iPhone.ActiveCfg = Release|Any CPU
		{157A3207-3431-4739-880A-668CC3332A04}.Release|iPhone.Build.0 = Release|Any CPU
		{157A3207-3431-4739-880A-668CC3332A04}.Release|iPhoneSimulator.ActiveCfg = Release|Any CPU
		{157A3207-3431-4739-880A-668CC3332A04}.Release|iPhoneSimulator.Build.0 = Release|Any CPU
		{157A3207-3431-4739-880A-668CC3332A04}.Release|x64.ActiveCfg = Release|Any CPU
		{157A3207-3431-4739-880A-668CC3332A04}.Release|x64.Build.0 = Release|Any CPU
		{157A3207-3431-4739-880A-668CC3332A04}.Release|x86.ActiveCfg = Release|Any CPU
		{157A3207-3431-4739-880A-668CC3332A04}.Release|x86.Build.0 = Release|Any CPU
		{5A807A04-CE7B-40D6-9C96-0036CE116132}.Ad-Hoc|Any CPU.ActiveCfg = Release|x64
		{5A807A04-CE7B-40D6-9C96-0036CE116132}.Ad-Hoc|Any CPU.Build.0 = Release|x64
		{5A807A04-CE7B-40D6-9C96-0036CE116132}.Ad-Hoc|Any CPU.Deploy.0 = Release|x64
		{5A807A04-CE7B-40D6-9C96-0036CE116132}.Ad-Hoc|ARM.ActiveCfg = Release|ARM
		{5A807A04-CE7B-40D6-9C96-0036CE116132}.Ad-Hoc|ARM.Build.0 = Release|ARM
		{5A807A04-CE7B-40D6-9C96-0036CE116132}.Ad-Hoc|ARM.Deploy.0 = Release|ARM
		{5A807A04-CE7B-40D6-9C96-0036CE116132}.Ad-Hoc|ARM64.ActiveCfg = Release|ARM64
		{5A807A04-CE7B-40D6-9C96-0036CE116132}.Ad-Hoc|ARM64.Build.0 = Release|ARM64
		{5A807A04-CE7B-40D6-9C96-0036CE116132}.Ad-Hoc|ARM64.Deploy.0 = Release|ARM64
		{5A807A04-CE7B-40D6-9C96-0036CE116132}.Ad-Hoc|iPhone.ActiveCfg = Release|x64
		{5A807A04-CE7B-40D6-9C96-0036CE116132}.Ad-Hoc|iPhone.Build.0 = Release|x64
		{5A807A04-CE7B-40D6-9C96-0036CE116132}.Ad-Hoc|iPhone.Deploy.0 = Release|x64
		{5A807A04-CE7B-40D6-9C96-0036CE116132}.Ad-Hoc|iPhoneSimulator.ActiveCfg = Release|x64
		{5A807A04-CE7B-40D6-9C96-0036CE116132}.Ad-Hoc|iPhoneSimulator.Build.0 = Release|x64
		{5A807A04-CE7B-40D6-9C96-0036CE116132}.Ad-Hoc|iPhoneSimulator.Deploy.0 = Release|x64
		{5A807A04-CE7B-40D6-9C96-0036CE116132}.Ad-Hoc|x64.ActiveCfg = Release|x64
		{5A807A04-CE7B-40D6-9C96-0036CE116132}.Ad-Hoc|x64.Build.0 = Release|x64
		{5A807A04-CE7B-40D6-9C96-0036CE116132}.Ad-Hoc|x64.Deploy.0 = Release|x64
		{5A807A04-CE7B-40D6-9C96-0036CE116132}.Ad-Hoc|x86.ActiveCfg = Release|x86
		{5A807A04-CE7B-40D6-9C96-0036CE116132}.Ad-Hoc|x86.Build.0 = Release|x86
		{5A807A04-CE7B-40D6-9C96-0036CE116132}.Ad-Hoc|x86.Deploy.0 = Release|x86
		{5A807A04-CE7B-40D6-9C96-0036CE116132}.AppStore|Any CPU.ActiveCfg = Release|x64
		{5A807A04-CE7B-40D6-9C96-0036CE116132}.AppStore|Any CPU.Build.0 = Release|x64
		{5A807A04-CE7B-40D6-9C96-0036CE116132}.AppStore|Any CPU.Deploy.0 = Release|x64
		{5A807A04-CE7B-40D6-9C96-0036CE116132}.AppStore|ARM.ActiveCfg = Release|ARM
		{5A807A04-CE7B-40D6-9C96-0036CE116132}.AppStore|ARM.Build.0 = Release|ARM
		{5A807A04-CE7B-40D6-9C96-0036CE116132}.AppStore|ARM.Deploy.0 = Release|ARM
		{5A807A04-CE7B-40D6-9C96-0036CE116132}.AppStore|ARM64.ActiveCfg = Release|ARM64
		{5A807A04-CE7B-40D6-9C96-0036CE116132}.AppStore|ARM64.Build.0 = Release|ARM64
		{5A807A04-CE7B-40D6-9C96-0036CE116132}.AppStore|ARM64.Deploy.0 = Release|ARM64
		{5A807A04-CE7B-40D6-9C96-0036CE116132}.AppStore|iPhone.ActiveCfg = Release|x64
		{5A807A04-CE7B-40D6-9C96-0036CE116132}.AppStore|iPhone.Build.0 = Release|x64
		{5A807A04-CE7B-40D6-9C96-0036CE116132}.AppStore|iPhone.Deploy.0 = Release|x64
		{5A807A04-CE7B-40D6-9C96-0036CE116132}.AppStore|iPhoneSimulator.ActiveCfg = Release|x64
		{5A807A04-CE7B-40D6-9C96-0036CE116132}.AppStore|iPhoneSimulator.Build.0 = Release|x64
		{5A807A04-CE7B-40D6-9C96-0036CE116132}.AppStore|iPhoneSimulator.Deploy.0 = Release|x64
		{5A807A04-CE7B-40D6-9C96-0036CE116132}.AppStore|x64.ActiveCfg = Release|x64
		{5A807A04-CE7B-40D6-9C96-0036CE116132}.AppStore|x64.Build.0 = Release|x64
		{5A807A04-CE7B-40D6-9C96-0036CE116132}.AppStore|x64.Deploy.0 = Release|x64
		{5A807A04-CE7B-40D6-9C96-0036CE116132}.AppStore|x86.ActiveCfg = Release|x86
		{5A807A04-CE7B-40D6-9C96-0036CE116132}.AppStore|x86.Build.0 = Release|x86
		{5A807A04-CE7B-40D6-9C96-0036CE116132}.AppStore|x86.Deploy.0 = Release|x86
		{5A807A04-CE7B-40D6-9C96-0036CE116132}.Debug|Any CPU.ActiveCfg = Debug|x86
		{5A807A04-CE7B-40D6-9C96-0036CE116132}.Debug|ARM.ActiveCfg = Debug|ARM
		{5A807A04-CE7B-40D6-9C96-0036CE116132}.Debug|ARM.Build.0 = Debug|ARM
		{5A807A04-CE7B-40D6-9C96-0036CE116132}.Debug|ARM.Deploy.0 = Debug|ARM
		{5A807A04-CE7B-40D6-9C96-0036CE116132}.Debug|ARM64.ActiveCfg = Debug|ARM64
		{5A807A04-CE7B-40D6-9C96-0036CE116132}.Debug|ARM64.Build.0 = Debug|ARM64
		{5A807A04-CE7B-40D6-9C96-0036CE116132}.Debug|ARM64.Deploy.0 = Debug|ARM64
		{5A807A04-CE7B-40D6-9C96-0036CE116132}.Debug|iPhone.ActiveCfg = Debug|x86
		{5A807A04-CE7B-40D6-9C96-0036CE116132}.Debug|iPhoneSimulator.ActiveCfg = Debug|x86
		{5A807A04-CE7B-40D6-9C96-0036CE116132}.Debug|x64.ActiveCfg = Debug|x64
		{5A807A04-CE7B-40D6-9C96-0036CE116132}.Debug|x64.Build.0 = Debug|x64
		{5A807A04-CE7B-40D6-9C96-0036CE116132}.Debug|x64.Deploy.0 = Debug|x64
		{5A807A04-CE7B-40D6-9C96-0036CE116132}.Debug|x86.ActiveCfg = Debug|x86
		{5A807A04-CE7B-40D6-9C96-0036CE116132}.Debug|x86.Build.0 = Debug|x86
		{5A807A04-CE7B-40D6-9C96-0036CE116132}.Debug|x86.Deploy.0 = Debug|x86
		{5A807A04-CE7B-40D6-9C96-0036CE116132}.Release|Any CPU.ActiveCfg = Release|x86
		{5A807A04-CE7B-40D6-9C96-0036CE116132}.Release|ARM.ActiveCfg = Release|ARM
		{5A807A04-CE7B-40D6-9C96-0036CE116132}.Release|ARM.Build.0 = Release|ARM
		{5A807A04-CE7B-40D6-9C96-0036CE116132}.Release|ARM.Deploy.0 = Release|ARM
		{5A807A04-CE7B-40D6-9C96-0036CE116132}.Release|ARM64.ActiveCfg = Release|ARM64
		{5A807A04-CE7B-40D6-9C96-0036CE116132}.Release|ARM64.Build.0 = Release|ARM64
		{5A807A04-CE7B-40D6-9C96-0036CE116132}.Release|ARM64.Deploy.0 = Release|ARM64
		{5A807A04-CE7B-40D6-9C96-0036CE116132}.Release|iPhone.ActiveCfg = Release|x86
		{5A807A04-CE7B-40D6-9C96-0036CE116132}.Release|iPhoneSimulator.ActiveCfg = Release|x86
		{5A807A04-CE7B-40D6-9C96-0036CE116132}.Release|x64.ActiveCfg = Release|x64
		{5A807A04-CE7B-40D6-9C96-0036CE116132}.Release|x64.Build.0 = Release|x64
		{5A807A04-CE7B-40D6-9C96-0036CE116132}.Release|x64.Deploy.0 = Release|x64
		{5A807A04-CE7B-40D6-9C96-0036CE116132}.Release|x86.ActiveCfg = Release|x86
		{5A807A04-CE7B-40D6-9C96-0036CE116132}.Release|x86.Build.0 = Release|x86
		{5A807A04-CE7B-40D6-9C96-0036CE116132}.Release|x86.Deploy.0 = Release|x86
	EndGlobalSection
	GlobalSection(SolutionProperties) = preSolution
		HideSolutionNode = FALSE
	EndGlobalSection
	GlobalSection(ExtensibilityGlobals) = postSolution
		SolutionGuid = {F6D05029-56B8-4E45-AF2D-0E76295DDBA2}
	EndGlobalSection
EndGlobal
